
Microsoft Visual Studio Solution File, Format Version 12.00
# Visual Studio Version 17
Project("{8BC9CEB8-8B4A-11D0-8D11-00A0C91BC942}") = "ALL_BUILD", "ALL_BUILD.vcxproj", "{E98E0383-4F65-3FE9-ABFD-14F1FB1CFD59}"
	ProjectSection(ProjectDependencies) = postProject
		{DE82AC8F-FE2F-36F0-9F1C-D4E7D29E9EE1} = {DE82AC8F-FE2F-36F0-9F1C-D4E7D29E9EE1}
	EndProjectSection
EndProject
Project("{8BC9CEB8-8B4A-11D0-8D11-00A0C91BC942}") = "MathModule", "MathModule.vcxproj", "{DE82AC8F-FE2F-36F0-9F1C-D4E7D29E9EE1}"
	ProjectSection(ProjectDependencies) = postProject
	EndProjectSection
EndProject
Global
	GlobalSection(SolutionConfigurationPlatforms) = preSolution
		Debug|x64 = Debug|x64
		Release|x64 = Release|x64
		MinSizeRel|x64 = MinSizeRel|x64
		RelWithDebInfo|x64 = RelWithDebInfo|x64
	EndGlobalSection
	GlobalSection(ProjectConfigurationPlatforms) = postSolution
		{E98E0383-4F65-3FE9-ABFD-14F1FB1CFD59}.Debug|x64.ActiveCfg = Debug|x64
		{E98E0383-4F65-3FE9-ABFD-14F1FB1CFD59}.Release|x64.ActiveCfg = Release|x64
		{E98E0383-4F65-3FE9-ABFD-14F1FB1CFD59}.MinSizeRel|x64.ActiveCfg = MinSizeRel|x64
		{E98E0383-4F65-3FE9-ABFD-14F1FB1CFD59}.RelWithDebInfo|x64.ActiveCfg = RelWithDebInfo|x64
		{DE82AC8F-FE2F-36F0-9F1C-D4E7D29E9EE1}.Debug|x64.ActiveCfg = Debug|x64
		{DE82AC8F-FE2F-36F0-9F1C-D4E7D29E9EE1}.Debug|x64.Build.0 = Debug|x64
		{DE82AC8F-FE2F-36F0-9F1C-D4E7D29E9EE1}.Release|x64.ActiveCfg = Release|x64
		{DE82AC8F-FE2F-36F0-9F1C-D4E7D29E9EE1}.Release|x64.Build.0 = Release|x64
		{DE82AC8F-FE2F-36F0-9F1C-D4E7D29E9EE1}.MinSizeRel|x64.ActiveCfg = MinSizeRel|x64
		{DE82AC8F-FE2F-36F0-9F1C-D4E7D29E9EE1}.MinSizeRel|x64.Build.0 = MinSizeRel|x64
		{DE82AC8F-FE2F-36F0-9F1C-D4E7D29E9EE1}.RelWithDebInfo|x64.ActiveCfg = RelWithDebInfo|x64
		{DE82AC8F-FE2F-36F0-9F1C-D4E7D29E9EE1}.RelWithDebInfo|x64.Build.0 = RelWithDebInfo|x64
	EndGlobalSection
	GlobalSection(ExtensibilityGlobals) = postSolution
		SolutionGuid = {070B2D1B-D10E-3D15-8FB9-09135F3A22A0}
	EndGlobalSection
	GlobalSection(ExtensibilityAddIns) = postSolution
	EndGlobalSection
EndGlobal
