
Microsoft Visual Studio Solution File, Format Version 12.00
# Visual Studio Version 17
Project("{8BC9CEB8-8B4A-11D0-8D11-00A0C91BC942}") = "ALL_BUILD", "ALL_BUILD.vcxproj", "{9D90D354-807E-3856-9ACB-033E6D060495}"
	ProjectSection(ProjectDependencies) = postProject
		{0E2B1721-67BB-3AE7-86C2-8F34B45F03AB} = {0E2B1721-67BB-3AE7-86C2-8F34B45F03AB}
	EndProjectSection
EndProject
Project("{8BC9CEB8-8B4A-11D0-8D11-00A0C91BC942}") = "MathModule", "MathModule.vcxproj", "{0E2B1721-67BB-3AE7-86C2-8F34B45F03AB}"
	ProjectSection(ProjectDependencies) = postProject
	EndProjectSection
EndProject
Global
	GlobalSection(SolutionConfigurationPlatforms) = preSolution
		Debug|x64 = Debug|x64
		Release|x64 = Release|x64
		MinSizeRel|x64 = MinSizeRel|x64
		RelWithDebInfo|x64 = RelWithDebInfo|x64
	EndGlobalSection
	GlobalSection(ProjectConfigurationPlatforms) = postSolution
		{9D90D354-807E-3856-9ACB-033E6D060495}.Debug|x64.ActiveCfg = Debug|x64
		{9D90D354-807E-3856-9ACB-033E6D060495}.Release|x64.ActiveCfg = Release|x64
		{9D90D354-807E-3856-9ACB-033E6D060495}.MinSizeRel|x64.ActiveCfg = MinSizeRel|x64
		{9D90D354-807E-3856-9ACB-033E6D060495}.RelWithDebInfo|x64.ActiveCfg = RelWithDebInfo|x64
		{0E2B1721-67BB-3AE7-86C2-8F34B45F03AB}.Debug|x64.ActiveCfg = Debug|x64
		{0E2B1721-67BB-3AE7-86C2-8F34B45F03AB}.Debug|x64.Build.0 = Debug|x64
		{0E2B1721-67BB-3AE7-86C2-8F34B45F03AB}.Release|x64.ActiveCfg = Release|x64
		{0E2B1721-67BB-3AE7-86C2-8F34B45F03AB}.Release|x64.Build.0 = Release|x64
		{0E2B1721-67BB-3AE7-86C2-8F34B45F03AB}.MinSizeRel|x64.ActiveCfg = MinSizeRel|x64
		{0E2B1721-67BB-3AE7-86C2-8F34B45F03AB}.MinSizeRel|x64.Build.0 = MinSizeRel|x64
		{0E2B1721-67BB-3AE7-86C2-8F34B45F03AB}.RelWithDebInfo|x64.ActiveCfg = RelWithDebInfo|x64
		{0E2B1721-67BB-3AE7-86C2-8F34B45F03AB}.RelWithDebInfo|x64.Build.0 = RelWithDebInfo|x64
	EndGlobalSection
	GlobalSection(ExtensibilityGlobals) = postSolution
		SolutionGuid = {F9318019-5C86-3690-BFF6-595F187AAF9A}
	EndGlobalSection
	GlobalSection(ExtensibilityAddIns) = postSolution
	EndGlobalSection
EndGlobal
